github.com/frankenbeanies/uuid4 v0.0.0-20180313010749-db09fa46f23d h1:P3oQgH5i/XlDrffLOPlMT3mSBTxd40pjPPUvZQkRQXA=
github.com/frankenbeanies/uuid4 v0.0.0-20180313010749-db09fa46f23d/go.mod h1:MmPmk1AfyaEzDM+9n93pi02xKEqUgZMj+AL/oX65TDE=
github.com/fsnotify/fsnotify v1.4.7 h1:IXs+QLmnXW2CcXuY+8Mzv/fWEsPGWxqefPtCP5CnV9I=
github.com/fsnotify/fsnotify v1.4.7/go.mod h1:jwhsz4b93w/PPRr/qN1Yymfu8t87LnFCMoQvtojpjFo=
github.com/go-sql-driver/mysql v1.4.0 h1:7LxgVwFb2hIQtMm87NdgAVfXjnt4OePseqT1tKx+opk=
github.com/go-sql-driver/mysql v1.4.0/go.mod h1:zAC/RDZ24gD3HViQzih4MyKcchzm+sOG5ZlKdlhCg5w=
github.com/go-xorm/builder v0.0.0-20180322150003-a9b7ffcca3f0/go.mod h1:v8mE3MFBgtL+RGFNfUnAMUqqfk/Y4W5KuwCFQIEpQLk=
github.com/go-xorm/builder v0.3.0 h1:xT3VensZAtc3Uq3WbJh7xcZnIvm/dlqsMpP2TJ5L+ek=
github.com/go-xorm/builder v0.3.0/go.mod h1:v8mE3MFBgtL+RGFNfUnAMUqqfk/Y4W5KuwCFQIEpQLk=
github.com/go-xorm/core v0.0.0-20180322150003-0177c08cee88/go.mod h1:d8FJ9Br8OGyQl12MCclmYBuBqqxsyeedpXciV5Myih8=
github.com/go-xorm/core v0.6.0 h1:tp6hX+ku4OD9khFZS8VGBDRY3kfVCtelPfmkgCyHxL0=
github.com/go-xorm/core v0.6.0/go.mod h1:d8FJ9Br8OGyQl12MCclmYBuBqqxsyeedpXciV5Myih8=
github.com/go-xorm/xorm v0.7.0 h1:u3X44NiN3ggNeeJO3f1xmHIFGAqh3qmCWS3ROuIBWmU=
github.com/go-xorm/xorm v0.7.0/go.mod h1:xkHEPeHG0ckC95t/J9vR4tr4gE4944G/kGnDCGLAxlA=
github.com/gorilla/context v1.1.1/go.mod h1:kBGZzfjB9CEq2AlWe17Uuf7NDRt0dE0s8S51q0aT7Yg=
github.com/gorilla/mux v1.6.2 h1:Pgr17XVTNXAk3q/r4CpKzC5xBM/qW1uVLV+IhRZpIIk=
github.com/gorilla/mux v1.6.2/go.mod h1:1lud6UwP+6orDFRuTfBEV8e9/aOM/c4fVVCaMa2zaAs=
github.com/hashicorp/hcl v0.0.0-20180404174102-ef8a98b0bbce h1:xdsDDbiBDQTKASoGEZ+pEmF1OnWuu8AQ9I8iNbHNeno=
github.com/hashicorp/hcl v0.0.0-20180404174102-ef8a98b0bbce/go.mod h1:oZtUIOe8dh44I2q6ScRibXws4Ajl+d+nod3AaR9vL5w=
github.com/iptq/wat v0.0.0-20180806162826-27ef6959ad96 h1:Rw/wcpK0eVVBCL/hsnD+DLZAFsEoLQz6eZSTAEUYZx4=
github.com/iptq/wat v0.0.0-20180806162826-27ef6959ad96/go.mod h1:yhzOlJiJbggDrhinVvrU8+A/kXFPmcGTW05ztdRi5Lw=
github.com/lib/pq v0.0.0-20180523175426-90697d60dd84 h1:it29sI2IM490luSc3RAhp5WuCYnc6RtbfLVAB7nmC5M=
github.com/lib/pq v0.0.0-20180523175426-90697d60dd84/go.mod h1:5WUZQaWbwv1U+lTReE5YruASi9Al49XbQIvNi/34Woo=
github.com/magiconair/properties v1.8.0 h1:LLgXmsheXeRoUOBOjtwPQCWIYqM/LU1ayDtDePerRcY=
github.com/magiconair/properties v1.8.0/go.mod h1:PppfXfuXeibc/6YijjN8zIbojt8czPbwD3XqdrwzmxQ=
github.com/mattn/go-sqlite3 v1.9.0 h1:pDRiWfl+++eC2FEFRy6jXmQlvp4Yh3z1MJKg4UeYM/4=
github.com/mattn/go-sqlite3 v1.9.0/go.mod h1:FPy6KqzDD04eiIsT53CuJW3U88zkxoIYsOqkbpncsNc=
github.com/mitchellh/mapstructure v0.0.0-20180715050151-f15292f7a699 h1:KXZJFdun9knAVAR8tg/aHJEr5DgtcbqyvzacK+CDCaI=
github.com/mitchellh/mapstructure v0.0.0-20180715050151-f15292f7a699/go.mod h1:FVVH3fgwuzCH5S8UJGiWEs2h04kUh9fWfEaFds41c1Y=
github.com/pelletier/go-toml v1.2.0 h1:T5zMGML61Wp+FlcbWjRDT7yAxhJNAiPPLOFECq181zc=
github.com/pelletier/go-toml v1.2.0/go.mod h1:5z9KED0ma1S8pY6P1sdut58dfprrGBbd/94hg7ilaic=
github.com/spf13/afero v1.1.1 h1:Lt3ihYMlE+lreX1GS4Qw4ZsNpYQLxIXKBTEOXm3nt6I=
github.com/spf13/afero v1.1.1/go.mod h1:j4pytiNVoe2o6bmDsKpLACNPDBIoEAkihy7loJ1B0CQ=
github.com/spf13/cast v1.2.0 h1:HHl1DSRbEQN2i8tJmtS6ViPyHx35+p51amrdsiTCrkg=
github.com/spf13/cast v1.2.0/go.mod h1:r2rcYCSwa1IExKTDiTfzaxqT2FNHs8hODu4LnUfgKEg=
github.com/spf13/jwalterweatherman v0.0.0-20180109140146-7c0cea34c8ec h1:2ZXvIUGghLpdTVHR1UfvfrzoVlZaE/yOWC5LueIHZig=
github.com/spf13/jwalterweatherman v0.0.0-20180109140146-7c0cea34c8ec/go.mod h1:cQK4TGJAtQXfYWX+Ddv3mKDzgVb68N+wFjFa4jdeBTo=
github.com/spf13/pflag v1.0.1 h1:aCvUg6QPl3ibpQUxyLkrEkCHtPqYJL4x9AuhqVqFis4=
github.com/spf13/pflag v1.0.1/go.mod h1:DYY7MBk1bdzusC3SYhjObp+wFpr4gzcvqqNjLnInEg4=
github.com/spf13/viper v1.0.2 h1:Ncr3ZIuJn322w2k1qmzXDnkLAdQMlJqBa9kfAH+irso=
github.com/spf13/viper v1.0.2/go.mod h1:A8kyI5cUJhb8N+3pkfONlcEcZbueH6nhAm0Fq7SrnBM=
golang.org/x/sys v0.0.0-20180802203216-0ffbfd41fbef h1:ESfhYoBNk2UQGmavscFPKfwmc4ZTB2+UdQYsVw6Bq9M=
golang.org/x/sys v0.0.0-20180802203216-0ffbfd41fbef/go.mod h1:STP8DvDyc/dI5b8T5hshtkjS+E42TnysNCUPdjciGhY=
golang.org/x/text v0.3.0 h1:g61tztE5qeGQ89tm6NTjjM9VPIm088od1l6aSorWRWg=
golang.org/x/text v0.3.0/go.mod h1:NqM8EUOU14njkJ3fqMW+pc6Ldnwhi/IjpwHt7yyuwOQ=
google.golang.org/appengine v1.1.0/go.mod h1:EbEs0AVv82hx2wNQdGPgUI5lhzA/G0D9YwlJXL52JkM=
gopkg.in/check.v1 v0.0.0-20161208181325-20d25e280405/go.mod h1:Co6ibVJAznAaIkqp8huTwlJQCZ016jof/cbN4VW5Yz0=
gopkg.in/yaml.v2 v2.2.1 h1:mUhvW9EsL+naU5Q3cakzfE91YhliOondGd6ZrsDBHQE=
gopkg.in/yaml.v2 v2.2.1/go.mod h1:hI93XBmqTisBFMUTm0b8Fm+jr3Dg1NNxqwp+5A1VGuI=
